Microsoft Visual Studio Solution File, Format Version 11.00
# Visual Studio 2010
Project("{FAE04EC0-301F-11D3-BF4B-00C04F79EFBC}") = "ROOT.NET", "ROOT.NET.csproj", "{90E8DD9C-3C6B-488C-980F-AB26AC789300}"
	ProjectSection(ProjectDependencies) = postProject
		{E7CE4C66-4E42-4933-9510-DEF84507CCC2} = {E7CE4C66-4E42-4933-9510-DEF84507CCC2}
	EndProjectSection
EndProject
Project("{8BC9CEB8-8B4A-11D0-8D11-00A0C91BC942}") = "ROOTdotNET", "ROOTdotNET.vcxproj", "{E7CE4C66-4E42-4933-9510-DEF84507CCC2}"
EndProject
Global
	GlobalSection(SolutionConfigurationPlatforms) = preSolution
		Debug|Any CPU = Debug|Any CPU
		Debug|Mixed Platforms = Debug|Mixed Platforms
		Debug|Win32 = Debug|Win32
		Debug|x64 = Debug|x64
		Debug|x86 = Debug|x86
		Release|Any CPU = Release|Any CPU
		Release|Mixed Platforms = Release|Mixed Platforms
		Release|Win32 = Release|Win32
		Release|x64 = Release|x64
		Release|x86 = Release|x86
	EndGlobalSection
	GlobalSection(ProjectConfigurationPlatforms) = postSolution
		{90E8DD9C-3C6B-488C-980F-AB26AC789300}.Debug|Any CPU.ActiveCfg = Debug|Any CPU
		{90E8DD9C-3C6B-488C-980F-AB26AC789300}.Debug|Any CPU.Build.0 = Debug|Any CPU
		{90E8DD9C-3C6B-488C-980F-AB26AC789300}.Debug|Mixed Platforms.ActiveCfg = Debug|x86
		{90E8DD9C-3C6B-488C-980F-AB26AC789300}.Debug|Mixed Platforms.Build.0 = Debug|x86
		{90E8DD9C-3C6B-488C-980F-AB26AC789300}.Debug|Win32.ActiveCfg = Debug|x86
		{90E8DD9C-3C6B-488C-980F-AB26AC789300}.Debug|Win32.Build.0 = Debug|x86
		{90E8DD9C-3C6B-488C-980F-AB26AC789300}.Debug|x64.ActiveCfg = Debug|x64
		{90E8DD9C-3C6B-488C-980F-AB26AC789300}.Debug|x64.Build.0 = Debug|x64
		{90E8DD9C-3C6B-488C-980F-AB26AC789300}.Debug|x86.ActiveCfg = Debug|x86
		{90E8DD9C-3C6B-488C-980F-AB26AC789300}.Debug|x86.Build.0 = Debug|x86
		{90E8DD9C-3C6B-488C-980F-AB26AC789300}.Release|Any CPU.ActiveCfg = Release|Any CPU
		{90E8DD9C-3C6B-488C-980F-AB26AC789300}.Release|Any CPU.Build.0 = Release|Any CPU
		{90E8DD9C-3C6B-488C-980F-AB26AC789300}.Release|Mixed Platforms.ActiveCfg = Release|x86
		{90E8DD9C-3C6B-488C-980F-AB26AC789300}.Release|Mixed Platforms.Build.0 = Release|x86
		{90E8DD9C-3C6B-488C-980F-AB26AC789300}.Release|Win32.ActiveCfg = Release|x86
		{90E8DD9C-3C6B-488C-980F-AB26AC789300}.Release|x64.ActiveCfg = Release|x64
		{90E8DD9C-3C6B-488C-980F-AB26AC789300}.Release|x64.Build.0 = Release|x64
		{90E8DD9C-3C6B-488C-980F-AB26AC789300}.Release|x86.ActiveCfg = Release|x86
		{90E8DD9C-3C6B-488C-980F-AB26AC789300}.Release|x86.Build.0 = Release|x86
		{E7CE4C66-4E42-4933-9510-DEF84507CCC2}.Debug|Any CPU.ActiveCfg = Debug|Win32
		{E7CE4C66-4E42-4933-9510-DEF84507CCC2}.Debug|Mixed Platforms.ActiveCfg = Debug|Win32
		{E7CE4C66-4E42-4933-9510-DEF84507CCC2}.Debug|Mixed Platforms.Build.0 = Debug|Win32
		{E7CE4C66-4E42-4933-9510-DEF84507CCC2}.Debug|Win32.ActiveCfg = Debug|Win32
		{E7CE4C66-4E42-4933-9510-DEF84507CCC2}.Debug|Win32.Build.0 = Debug|Win32
		{E7CE4C66-4E42-4933-9510-DEF84507CCC2}.Debug|x64.ActiveCfg = Debug|Win32
		{E7CE4C66-4E42-4933-9510-DEF84507CCC2}.Debug|x86.ActiveCfg = Debug|Win32
		{E7CE4C66-4E42-4933-9510-DEF84507CCC2}.Debug|x86.Build.0 = Debug|Win32
		{E7CE4C66-4E42-4933-9510-DEF84507CCC2}.Release|Any CPU.ActiveCfg = Release|Win32
		{E7CE4C66-4E42-4933-9510-DEF84507CCC2}.Release|Mixed Platforms.ActiveCfg = Release|Win32
		{E7CE4C66-4E42-4933-9510-DEF84507CCC2}.Release|Mixed Platforms.Build.0 = Release|Win32
		{E7CE4C66-4E42-4933-9510-DEF84507CCC2}.Release|Win32.ActiveCfg = Release|Win32
		{E7CE4C66-4E42-4933-9510-DEF84507CCC2}.Release|Win32.Build.0 = Release|Win32
		{E7CE4C66-4E42-4933-9510-DEF84507CCC2}.Release|x64.ActiveCfg = Release|Win32
		{E7CE4C66-4E42-4933-9510-DEF84507CCC2}.Release|x86.ActiveCfg = Release|Win32
		{E7CE4C66-4E42-4933-9510-DEF84507CCC2}.Release|x86.Build.0 = Release|Win32
	EndGlobalSection
	GlobalSection(SolutionProperties) = preSolution
		HideSolutionNode = FALSE
	EndGlobalSection
EndGlobal
